
Microsoft Visual Studio Solution File, Format Version 12.00
# Visual Studio 15
VisualStudioVersion = 15.0.26730.16
MinimumVisualStudioVersion = 10.0.40219.1
Project("{8BC9CEB8-8B4A-11D0-8D11-00A0C91BC942}") = "uva11054-WineTrading", "uva11054-WineTrading\uva11054-WineTrading.vcxproj", "{FCFF35D1-BCFA-49D2-A8E2-2131E30311E4}"
EndProject
Global
	GlobalSection(SolutionConfigurationPlatforms) = preSolution
		Debug|x64 = Debug|x64
		Debug|x86 = Debug|x86
		Release|x64 = Release|x64
		Release|x86 = Release|x86
	EndGlobalSection
	GlobalSection(ProjectConfigurationPlatforms) = postSolution
		{FCFF35D1-BCFA-49D2-A8E2-2131E30311E4}.Debug|x64.ActiveCfg = Debug|x64
		{FCFF35D1-BCFA-49D2-A8E2-2131E30311E4}.Debug|x64.Build.0 = Debug|x64
		{FCFF35D1-BCFA-49D2-A8E2-2131E30311E4}.Debug|x86.ActiveCfg = Debug|Win32
		{FCFF35D1-BCFA-49D2-A8E2-2131E30311E4}.Debug|x86.Build.0 = Debug|Win32
		{FCFF35D1-BCFA-49D2-A8E2-2131E30311E4}.Release|x64.ActiveCfg = Release|x64
		{FCFF35D1-BCFA-49D2-A8E2-2131E30311E4}.Release|x64.Build.0 = Release|x64
		{FCFF35D1-BCFA-49D2-A8E2-2131E30311E4}.Release|x86.ActiveCfg = Release|Win32
		{FCFF35D1-BCFA-49D2-A8E2-2131E30311E4}.Release|x86.Build.0 = Release|Win32
	EndGlobalSection
	GlobalSection(SolutionProperties) = preSolution
		HideSolutionNode = FALSE
	EndGlobalSection
	GlobalSection(ExtensibilityGlobals) = postSolution
		SolutionGuid = {FF4FB506-176C-4EAA-96C9-295EA393D236}
	EndGlobalSection
EndGlobal
